{
  "name": "lp-sky",
  "version": "1.0.0",
  "lockfileVersion": 1,
  "requires": true,
  "dependencies": {
    "@glidejs/glide": {
      "version": "3.4.1",
      "resolved": "https://registry.npmjs.org/@glidejs/glide/-/glide-3.4.1.tgz",
      "integrity": "sha512-C34AEcK1HjSyxilRToUL54I6KAoodojUbeRlXoruobZuG0eGm8xfDL+3kgkWj7AJK4EZtunSOYfoqMp70eDtwg=="
    },
    "intl-tel-input": {
      "version": "17.0.12",
      "resolved": "https://registry.npmjs.org/intl-tel-input/-/intl-tel-input-17.0.12.tgz",
      "integrity": "sha512-jl3DkDQg/aaIPK2hrvtgX2eYgtkz5LxCQW57Ru1Hpdt9MA9VE8PnGUllaMsAm6SeJODHBdMok7XFZR8/M1yytg=="
    }
  }
}
